
Microsoft Visual Studio Solution File, Format Version 12.00
# Visual Studio Version 16
VisualStudioVersion = 16.0.30804.86
MinimumVisualStudioVersion = 10.0.40219.1
Project("{FAE04EC0-301F-11D3-BF4B-00C04F79EFBC}") = "dimple", "..\..\dimple\dimple\dimple.csproj", "{1E46D8C5-94C8-4515-B517-58FBDE1A033E}"
EndProject
Project("{9A19103F-16F7-4668-BE54-9A1E7A4F7556}") = "WebApplicationDemo", "C:\Users\Atul Verma\Downloads\WebApplicationDemo\WebApplicationDemo\WebApplicationDemo\WebApplicationDemo.csproj", "{EBA1E808-39CA-4A11-B0B9-0F1721092539}"
EndProject
Global
	GlobalSection(SolutionConfigurationPlatforms) = preSolution
		Debug|Any CPU = Debug|Any CPU
		Release|Any CPU = Release|Any CPU
	EndGlobalSection
	GlobalSection(ProjectConfigurationPlatforms) = postSolution
		{1E46D8C5-94C8-4515-B517-58FBDE1A033E}.Debug|Any CPU.ActiveCfg = Debug|Any CPU
		{1E46D8C5-94C8-4515-B517-58FBDE1A033E}.Debug|Any CPU.Build.0 = Debug|Any CPU
		{1E46D8C5-94C8-4515-B517-58FBDE1A033E}.Release|Any CPU.ActiveCfg = Release|Any CPU
		{1E46D8C5-94C8-4515-B517-58FBDE1A033E}.Release|Any CPU.Build.0 = Release|Any CPU
		{EBA1E808-39CA-4A11-B0B9-0F1721092539}.Debug|Any CPU.ActiveCfg = Debug|Any CPU
		{EBA1E808-39CA-4A11-B0B9-0F1721092539}.Debug|Any CPU.Build.0 = Debug|Any CPU
		{EBA1E808-39CA-4A11-B0B9-0F1721092539}.Release|Any CPU.ActiveCfg = Release|Any CPU
		{EBA1E808-39CA-4A11-B0B9-0F1721092539}.Release|Any CPU.Build.0 = Release|Any CPU
	EndGlobalSection
	GlobalSection(SolutionProperties) = preSolution
		HideSolutionNode = FALSE
	EndGlobalSection
	GlobalSection(ExtensibilityGlobals) = postSolution
		SolutionGuid = {D4CBB4AF-AFF9-4001-8EFE-AE8F6A046642}
	EndGlobalSection
EndGlobal
