
Microsoft Visual Studio Solution File, Format Version 12.00
# Visual Studio Version 16
VisualStudioVersion = 16.0.31019.35
MinimumVisualStudioVersion = 10.0.40219.1
Project("{FAE04EC0-301F-11D3-BF4B-00C04F79EFBC}") = "AssignmentEFMain", "AssignmentEFMain.csproj", "{40863E61-ADB6-405E-A2EB-4D8F28CED90A}"
EndProject
Project("{FAE04EC0-301F-11D3-BF4B-00C04F79EFBC}") = "AssignmentEFBusiness", "..\AssignmentEFBusiness\AssignmentEFBusiness.csproj", "{521A63CB-D200-49F1-A0AB-1A321FBC832B}"
EndProject
Project("{FAE04EC0-301F-11D3-BF4B-00C04F79EFBC}") = "AssignmentEFData", "..\AssignmentEFData\AssignmentEFData.csproj", "{472FE842-5F0F-4990-AEE0-82D495346D66}"
EndProject
Project("{FAE04EC0-301F-11D3-BF4B-00C04F79EFBC}") = "AssignmentEFEntities", "..\AssignmentEFEntities\AssignmentEFEntities.csproj", "{6B6E2F1B-6983-4AD8-BA64-331A482B8507}"
EndProject
Global
	GlobalSection(SolutionConfigurationPlatforms) = preSolution
		Debug|Any CPU = Debug|Any CPU
		Release|Any CPU = Release|Any CPU
	EndGlobalSection
	GlobalSection(ProjectConfigurationPlatforms) = postSolution
		{40863E61-ADB6-405E-A2EB-4D8F28CED90A}.Debug|Any CPU.ActiveCfg = Debug|Any CPU
		{40863E61-ADB6-405E-A2EB-4D8F28CED90A}.Debug|Any CPU.Build.0 = Debug|Any CPU
		{40863E61-ADB6-405E-A2EB-4D8F28CED90A}.Release|Any CPU.ActiveCfg = Release|Any CPU
		{40863E61-ADB6-405E-A2EB-4D8F28CED90A}.Release|Any CPU.Build.0 = Release|Any CPU
		{521A63CB-D200-49F1-A0AB-1A321FBC832B}.Debug|Any CPU.ActiveCfg = Debug|Any CPU
		{521A63CB-D200-49F1-A0AB-1A321FBC832B}.Debug|Any CPU.Build.0 = Debug|Any CPU
		{521A63CB-D200-49F1-A0AB-1A321FBC832B}.Release|Any CPU.ActiveCfg = Release|Any CPU
		{521A63CB-D200-49F1-A0AB-1A321FBC832B}.Release|Any CPU.Build.0 = Release|Any CPU
		{472FE842-5F0F-4990-AEE0-82D495346D66}.Debug|Any CPU.ActiveCfg = Debug|Any CPU
		{472FE842-5F0F-4990-AEE0-82D495346D66}.Debug|Any CPU.Build.0 = Debug|Any CPU
		{472FE842-5F0F-4990-AEE0-82D495346D66}.Release|Any CPU.ActiveCfg = Release|Any CPU
		{472FE842-5F0F-4990-AEE0-82D495346D66}.Release|Any CPU.Build.0 = Release|Any CPU
		{6B6E2F1B-6983-4AD8-BA64-331A482B8507}.Debug|Any CPU.ActiveCfg = Debug|Any CPU
		{6B6E2F1B-6983-4AD8-BA64-331A482B8507}.Debug|Any CPU.Build.0 = Debug|Any CPU
		{6B6E2F1B-6983-4AD8-BA64-331A482B8507}.Release|Any CPU.ActiveCfg = Release|Any CPU
		{6B6E2F1B-6983-4AD8-BA64-331A482B8507}.Release|Any CPU.Build.0 = Release|Any CPU
	EndGlobalSection
	GlobalSection(SolutionProperties) = preSolution
		HideSolutionNode = FALSE
	EndGlobalSection
	GlobalSection(ExtensibilityGlobals) = postSolution
		SolutionGuid = {40050442-7976-4EEF-873E-66E9A3D9A7D6}
	EndGlobalSection
EndGlobal
